<?xml version="1.0" encoding="utf-8"?>
<Project ToolsVersion="4.0" xmlns="http://schemas.microsoft.com/developer/msbuild/2003">
  <ItemGroup>
    <Filter Include="Source Files">
      <UniqueIdentifier>{4FC737F1-C7A5-4376-A066-2A32D752A2FF}</UniqueIdentifier>
      <Extensions>cpp;c;cc;cxx;def;odl;idl;hpj;bat;asm;asmx</Extensions>
    </Filter>
    <Filter Include="Header Files">
      <UniqueIdentifier>{93995380-89BD-4b04-88EB-625FBE52EBFB}</UniqueIdentifier>
      <Extensions>h;hh;hpp;hxx;hm;inl;inc;xsd</Extensions>
    </Filter>
    <Filter Include="Resource Files">
      <UniqueIdentifier>{67DA6AB6-F800-4c08-8B7A-83BB121AAD01}</UniqueIdentifier>
      <Extensions>rc;ico;cur;bmp;dlg;rc2;rct;bin;rgs;gif;jpg;jpeg;jpe;resx;tiff;tif;png;wav;mfcribbon-ms</Extensions>
    </Filter>
    <Filter Include="Cutscene Decomp">
      <UniqueIdentifier>{acbe7cc6-c4a9-4c7e-8c44-99c1d891d991}</UniqueIdentifier>
    </Filter>
    <Filter Include="Cutscene Decomp\Sonic">
      <UniqueIdentifier>{17f00188-fd57-458e-b913-9b59904ae11b}</UniqueIdentifier>
    </Filter>
    <Filter Include="Cutscene Decomp\include">
      <UniqueIdentifier>{2699058b-ced3-4c4c-b47a-af0f363021b4}</UniqueIdentifier>
    </Filter>
    <Filter Include="Cutscene Decomp\Amy">
      <UniqueIdentifier>{6d139076-b4ea-4b9d-a1c3-602a266a76df}</UniqueIdentifier>
    </Filter>
  </ItemGroup>
  <ItemGroup>
    <ClCompile Include="mod.cpp">
      <Filter>Source Files</Filter>
    </ClCompile>
    <ClCompile Include="stdafx.cpp">
      <Filter>Source Files</Filter>
    </ClCompile>
    <ClCompile Include="VariousText.cpp">
      <Filter>Source Files</Filter>
    </ClCompile>
    <ClCompile Include="LoadTextures.cpp">
      <Filter>Source Files</Filter>
    </ClCompile>
    <ClCompile Include="ModConfig.cpp">
      <Filter>Source Files</Filter>
    </ClCompile>
    <ClCompile Include="GameCredits.cpp">
      <Filter>Source Files</Filter>
    </ClCompile>
    <ClCompile Include="cutscene-decomp\Sonic\ev0008_s_chaos1.cpp">
      <Filter>Cutscene Decomp\Sonic</Filter>
    </ClCompile>
    <ClCompile Include="CustomSubTimings.cpp">
      <Filter>Source Files</Filter>
    </ClCompile>
    <ClCompile Include="cutscene-decomp\objects.cpp">
      <Filter>Cutscene Decomp</Filter>
    </ClCompile>
    <ClCompile Include="cutscene-decomp\Amy\ev016C_a_longhammer.cpp">
      <Filter>Cutscene Decomp\Amy</Filter>
    </ClCompile>
    <ClCompile Include="cutscene-decomp\Amy\ev0061_a_intro2.cpp">
      <Filter>Cutscene Decomp\Amy</Filter>
    </ClCompile>
    <ClCompile Include="cutscene-decomp\Amy\ev016D_a_warriorfeather.cpp">
      <Filter>Cutscene Decomp\Amy</Filter>
    </ClCompile>
  </ItemGroup>
  <ItemGroup>
    <ClInclude Include="stdafx.h">
      <Filter>Header Files</Filter>
    </ClInclude>
    <ClInclude Include="targetver.h">
      <Filter>Header Files</Filter>
    </ClInclude>
    <ClInclude Include="GameCredits.h">
      <Filter>Header Files</Filter>
    </ClInclude>
    <ClInclude Include="VariousText.h">
      <Filter>Header Files</Filter>
    </ClInclude>
    <ClInclude Include="Macros.h">
      <Filter>Header Files</Filter>
    </ClInclude>
    <ClInclude Include="LoadTextures.h">
      <Filter>Header Files</Filter>
    </ClInclude>
    <ClInclude Include="ModConfig.h">
      <Filter>Header Files</Filter>
    </ClInclude>
    <ClInclude Include="resource.h">
      <Filter>Header Files</Filter>
    </ClInclude>
    <ClInclude Include="cutscene-decomp\include\SADXEventFunctions.h">
      <Filter>Cutscene Decomp\include</Filter>
    </ClInclude>
    <ClInclude Include="cutscene-decomp\include\SADXEventList.h">
      <Filter>Cutscene Decomp\include</Filter>
    </ClInclude>
    <ClInclude Include="cutscene-decomp\include\SADXEventVariables.h">
      <Filter>Cutscene Decomp\include</Filter>
    </ClInclude>
    <ClInclude Include="CustomSubTimings.h">
      <Filter>Header Files</Filter>
    </ClInclude>
  </ItemGroup>
  <ItemGroup>
    <ResourceCompile Include="sadx-russian-mod.rc">
      <Filter>Resource Files</Filter>
    </ResourceCompile>
  </ItemGroup>
</Project>